hash: 638ab20ecaa7d79efecd2a86018b669dd6ae74470a78e11ec0bbd35f3f1f20ef
updated: 2017-06-13T13:54:47.507253197+02:00
imports:
- name: github.com/bborbe/cron
  version: 20d491ed207180aacf635b2006c0c293fd2ab9e1
- name: github.com/bborbe/flagenv
  version: 4bf10dbe62f41ce40353a70225a84decfd16d3ac
- name: github.com/bborbe/io
  version: 8c22cf733cf166b247318b0786eec0c7cad9208a
  subpackages:
  - util
- name: github.com/bborbe/lock
  version: ac57be166a1c39f4555dc7f865b35b84d7807549
- name: github.com/golang/glog
  version: 23def4e6c14b4da8ac2ed8007337bc5eb5007998
- name: github.com/robfig/cron
  version: 736158dc09e10f1911ca3a1e1b01f11b566ce5db
testImports:
- name: github.com/bborbe/assert
  version: 2448f69a8cb98ee9e5744f678477959100ceb9d4
